{
  "name": "busybody-core",
  "version": "0.0.1",
  "lockfileVersion": 2,
  "requires": true,
  "packages": {
    "": {
      "name": "busybody-core",
      "version": "0.0.1",
      "license": "MIT",
      "dependencies": {
        "@nprindle/augustus": "^3.0.0",
        "typescript": "^4.5.5"
      }
    },
    "node_modules/@nprindle/augustus": {
      "version": "3.0.0",
      "resolved": "https://registry.npmjs.org/@nprindle/augustus/-/augustus-3.0.0.tgz",
      "integrity": "sha512-hmq+MYIC4BkVDIPZZbUfdRnSRq7bvgJMsqL26WpXeco8TIMH/+hpGbCpmfFhghvyDzOqKHaVl4bn9tcy2+0T1A=="
    },
    "node_modules/typescript": {
      "version": "4.5.5",
      "resolved": "https://registry.npmjs.org/typescript/-/typescript-4.5.5.tgz",
      "integrity": "sha512-TCTIul70LyWe6IJWT8QSYeA54WQe8EjQFU4wY52Fasj5UKx88LNYKCgBEHcOMOrFF1rKGbD8v/xcNWVUq9SymA==",
      "bin": {
        "tsc": "bin/tsc",
        "tsserver": "bin/tsserver"
      },
      "engines": {
        "node": ">=4.2.0"
      }
    }
  },
  "dependencies": {
    "@nprindle/augustus": {
      "version": "3.0.0",
      "resolved": "https://registry.npmjs.org/@nprindle/augustus/-/augustus-3.0.0.tgz",
      "integrity": "sha512-hmq+MYIC4BkVDIPZZbUfdRnSRq7bvgJMsqL26WpXeco8TIMH/+hpGbCpmfFhghvyDzOqKHaVl4bn9tcy2+0T1A=="
    },
    "typescript": {
      "version": "4.5.5",
      "resolved": "https://registry.npmjs.org/typescript/-/typescript-4.5.5.tgz",
      "integrity": "sha512-TCTIul70LyWe6IJWT8QSYeA54WQe8EjQFU4wY52Fasj5UKx88LNYKCgBEHcOMOrFF1rKGbD8v/xcNWVUq9SymA=="
    }
  }
}
