{
  "name": "busybody-core",
  "version": "0.0.1",
  "lockfileVersion": 2,
  "requires": true,
  "packages": {
    "": {
      "name": "busybody-core",
      "version": "0.0.1",
      "license": "MIT",
      "dependencies": {
        "@nprindle/augustus": "^1.0.3",
        "typescript": "^4.5.5"
      }
    },
    "node_modules/@nprindle/augustus": {
      "version": "1.0.3",
      "resolved": "https://registry.npmjs.org/@nprindle/augustus/-/augustus-1.0.3.tgz",
      "integrity": "sha512-lXVYRylxcgPdidvXocE/vIIHF2LezboEN/lzmi7u+VkD0p0I0D6Q3Ig9I8HX6ifdA/IpalmA/s3PmTm1C2wI4w=="
    },
    "node_modules/typescript": {
      "version": "4.5.5",
      "resolved": "https://registry.npmjs.org/typescript/-/typescript-4.5.5.tgz",
      "integrity": "sha512-TCTIul70LyWe6IJWT8QSYeA54WQe8EjQFU4wY52Fasj5UKx88LNYKCgBEHcOMOrFF1rKGbD8v/xcNWVUq9SymA==",
      "bin": {
        "tsc": "bin/tsc",
        "tsserver": "bin/tsserver"
      },
      "engines": {
        "node": ">=4.2.0"
      }
    }
  },
  "dependencies": {
    "@nprindle/augustus": {
      "version": "1.0.3",
      "resolved": "https://registry.npmjs.org/@nprindle/augustus/-/augustus-1.0.3.tgz",
      "integrity": "sha512-lXVYRylxcgPdidvXocE/vIIHF2LezboEN/lzmi7u+VkD0p0I0D6Q3Ig9I8HX6ifdA/IpalmA/s3PmTm1C2wI4w=="
    },
    "typescript": {
      "version": "4.5.5",
      "resolved": "https://registry.npmjs.org/typescript/-/typescript-4.5.5.tgz",
      "integrity": "sha512-TCTIul70LyWe6IJWT8QSYeA54WQe8EjQFU4wY52Fasj5UKx88LNYKCgBEHcOMOrFF1rKGbD8v/xcNWVUq9SymA=="
    }
  }
}
